// !$*UTF8*$!
{
	archiveVersion = 1;
	classes = {
	};
	objectVersion = 52;
	objects = {

/* Begin PBXBuildFile section */
		7A4BE3E5258B318E00289778 /* AppDelegate.swift in Sources */ = {isa = PBXBuildFile; fileRef = 7A4BE3E4258B318E00289778 /* AppDelegate.swift */; };
		7A4BE3E7258B318E00289778 /* SceneDelegate.swift in Sources */ = {isa = PBXBuildFile; fileRef = 7A4BE3E6258B318E00289778 /* SceneDelegate.swift */; };
		7A4BE3E9258B318E00289778 /* ViewController.swift in Sources */ = {isa = PBXBuildFile; fileRef = 7A4BE3E8258B318E00289778 /* ViewController.swift */; };
		7A4BE3EC258B318E00289778 /* Main.storyboard in Resources */ = {isa = PBXBuildFile; fileRef = 7A4BE3EA258B318E00289778 /* Main.storyboard */; };
		7A4BE3EE258B318E00289778 /* Assets.xcassets in Resources */ = {isa = PBXBuildFile; fileRef = 7A4BE3ED258B318E00289778 /* Assets.xcassets */; };
		7A4BE3F1258B318E00289778 /* LaunchScreen.storyboard in Resources */ = {isa = PBXBuildFile; fileRef = 7A4BE3EF258B318E00289778 /* LaunchScreen.storyboard */; };
		7A4BE3FC258B321000289778 /* Toast in Frameworks */ = {isa = PBXBuildFile; productRef = 7A4BE3FB258B321000289778 /* Toast */; };
		7A4BE408258BFEDE00289778 /* CompanyP.swift in Sources */ = {isa = PBXBuildFile; fileRef = 7A4BE407258BFEDE00289778 /* CompanyP.swift */; };
		7A619D5D258C7E9F00A44A54 /* EmployeeP.swift in Sources */ = {isa = PBXBuildFile; fileRef = 7A619D5C258C7E9F00A44A54 /* EmployeeP.swift */; };
		7A619D60258C7EAC00A44A54 /* Assistant.swift in Sources */ = {isa = PBXBuildFile; fileRef = 7A619D5F258C7EAC00A44A54 /* Assistant.swift */; };
		7A619D63258C7EB400A44A54 /* Director.swift in Sources */ = {isa = PBXBuildFile; fileRef = 7A619D62258C7EB400A44A54 /* Director.swift */; };
		7A619D66258C7EBF00A44A54 /* CostProtocol.swift in Sources */ = {isa = PBXBuildFile; fileRef = 7A619D65258C7EBF00A44A54 /* CostProtocol.swift */; };
		7A619D6D258C818400A44A54 /* SecondViewController.swift in Sources */ = {isa = PBXBuildFile; fileRef = 7A619D6C258C818400A44A54 /* SecondViewController.swift */; };
		7AE27BC5258E65FF0093D3C0 /* CompanyBuilder.swift in Sources */ = {isa = PBXBuildFile; fileRef = 7AE27BC4258E65FF0093D3C0 /* CompanyBuilder.swift */; };
/* End PBXBuildFile section */

/* Begin PBXFileReference section */
		7A4BE3E1258B318E00289778 /* myCompanyScreen.app */ = {isa = PBXFileReference; explicitFileType = wrapper.application; includeInIndex = 0; path = myCompanyScreen.app; sourceTree = BUILT_PRODUCTS_DIR; };
		7A4BE3E4258B318E00289778 /* AppDelegate.swift */ = {isa = PBXFileReference; lastKnownFileType = sourcecode.swift; path = AppDelegate.swift; sourceTree = "<group>"; };
		7A4BE3E6258B318E00289778 /* SceneDelegate.swift */ = {isa = PBXFileReference; lastKnownFileType = sourcecode.swift; path = SceneDelegate.swift; sourceTree = "<group>"; };
		7A4BE3E8258B318E00289778 /* ViewController.swift */ = {isa = PBXFileReference; lastKnownFileType = sourcecode.swift; path = ViewController.swift; sourceTree = "<group>"; };
		7A4BE3EB258B318E00289778 /* Base */ = {isa = PBXFileReference; lastKnownFileType = file.storyboard; name = Base; path = Base.lproj/Main.storyboard; sourceTree = "<group>"; };
		7A4BE3ED258B318E00289778 /* Assets.xcassets */ = {isa = PBXFileReference; lastKnownFileType = folder.assetcatalog; path = Assets.xcassets; sourceTree = "<group>"; };
		7A4BE3F0258B318E00289778 /* Base */ = {isa = PBXFileReference; lastKnownFileType = file.storyboard; name = Base; path = Base.lproj/LaunchScreen.storyboard; sourceTree = "<group>"; };
		7A4BE3F2258B318E00289778 /* Info.plist */ = {isa = PBXFileReference; lastKnownFileType = text.plist.xml; path = Info.plist; sourceTree = "<group>"; };
		7A4BE407258BFEDE00289778 /* CompanyP.swift */ = {isa = PBXFileReference; lastKnownFileType = sourcecode.swift; path = CompanyP.swift; sourceTree = "<group>"; };
		7A619D5C258C7E9F00A44A54 /* EmployeeP.swift */ = {isa = PBXFileReference; lastKnownFileType = sourcecode.swift; path = EmployeeP.swift; sourceTree = "<group>"; };
		7A619D5F258C7EAC00A44A54 /* Assistant.swift */ = {isa = PBXFileReference; lastKnownFileType = sourcecode.swift; path = Assistant.swift; sourceTree = "<group>"; };
		7A619D62258C7EB400A44A54 /* Director.swift */ = {isa = PBXFileReference; lastKnownFileType = sourcecode.swift; path = Director.swift; sourceTree = "<group>"; };
		7A619D65258C7EBF00A44A54 /* CostProtocol.swift */ = {isa = PBXFileReference; lastKnownFileType = sourcecode.swift; path = CostProtocol.swift; sourceTree = "<group>"; };
		7A619D6C258C818400A44A54 /* SecondViewController.swift */ = {isa = PBXFileReference; lastKnownFileType = sourcecode.swift; path = SecondViewController.swift; sourceTree = "<group>"; };
		7AE27BC4258E65FF0093D3C0 /* CompanyBuilder.swift */ = {isa = PBXFileReference; lastKnownFileType = sourcecode.swift; path = CompanyBuilder.swift; sourceTree = "<group>"; };
/* End PBXFileReference section */

/* Begin PBXFrameworksBuildPhase section */
		7A4BE3DE258B318E00289778 /* Frameworks */ = {
			isa = PBXFrameworksBuildPhase;
			buildActionMask = 2147483647;
			files = (
				7A4BE3FC258B321000289778 /* Toast in Frameworks */,
			);
			runOnlyForDeploymentPostprocessing = 0;
		};
/* End PBXFrameworksBuildPhase section */

/* Begin PBXGroup section */
		7A4BE3D8258B318E00289778 = {
			isa = PBXGroup;
			children = (
				7A4BE3E3258B318E00289778 /* myCompanyScreen */,
				7A4BE3E2258B318E00289778 /* Products */,
			);
			sourceTree = "<group>";
		};
		7A4BE3E2258B318E00289778 /* Products */ = {
			isa = PBXGroup;
			children = (
				7A4BE3E1258B318E00289778 /* myCompanyScreen.app */,
			);
			name = Products;
			sourceTree = "<group>";
		};
		7A4BE3E3258B318E00289778 /* myCompanyScreen */ = {
			isa = PBXGroup;
			children = (
				7A4BE406258BFED000289778 /* Models */,
				7A4BE3E4258B318E00289778 /* AppDelegate.swift */,
				7A4BE3E6258B318E00289778 /* SceneDelegate.swift */,
				7A4BE3E8258B318E00289778 /* ViewController.swift */,
				7A619D6C258C818400A44A54 /* SecondViewController.swift */,
				7A4BE3EA258B318E00289778 /* Main.storyboard */,
				7A4BE3ED258B318E00289778 /* Assets.xcassets */,
				7A4BE3EF258B318E00289778 /* LaunchScreen.storyboard */,
				7A4BE3F2258B318E00289778 /* Info.plist */,
			);
			path = myCompanyScreen;
			sourceTree = "<group>";
		};
		7A4BE406258BFED000289778 /* Models */ = {
			isa = PBXGroup;
			children = (
				7A4BE407258BFEDE00289778 /* CompanyP.swift */,
				7A619D5C258C7E9F00A44A54 /* EmployeeP.swift */,
				7A619D5F258C7EAC00A44A54 /* Assistant.swift */,
				7A619D62258C7EB400A44A54 /* Director.swift */,
				7A619D65258C7EBF00A44A54 /* CostProtocol.swift */,
				7AE27BC4258E65FF0093D3C0 /* CompanyBuilder.swift */,
			);
			path = Models;
			sourceTree = "<group>";
		};
/* End PBXGroup section */

/* Begin PBXNativeTarget section */
		7A4BE3E0258B318E00289778 /* myCompanyScreen */ = {
			isa = PBXNativeTarget;
			buildConfigurationList = 7A4BE3F5258B318E00289778 /* Build configuration list for PBXNativeTarget "myCompanyScreen" */;
			buildPhases = (
				7A4BE3DD258B318E00289778 /* Sources */,
				7A4BE3DE258B318E00289778 /* Frameworks */,
				7A4BE3DF258B318E00289778 /* Resources */,
			);
			buildRules = (
			);
			dependencies = (
			);
			name = myCompanyScreen;
			packageProductDependencies = (
				7A4BE3FB258B321000289778 /* Toast */,
			);
			productName = myCompanyScreen;
			productReference = 7A4BE3E1258B318E00289778 /* myCompanyScreen.app */;
			productType = "com.apple.product-type.application";
		};
/* End PBXNativeTarget section */

/* Begin PBXProject section */
		7A4BE3D9258B318E00289778 /* Project object */ = {
			isa = PBXProject;
			attributes = {
				LastSwiftUpdateCheck = 1220;
				LastUpgradeCheck = 1220;
				TargetAttributes = {
					7A4BE3E0258B318E00289778 = {
						CreatedOnToolsVersion = 12.2;
					};
				};
			};
			buildConfigurationList = 7A4BE3DC258B318E00289778 /* Build configuration list for PBXProject "myCompanyScreen" */;
			compatibilityVersion = "Xcode 9.3";
			developmentRegion = en;
			hasScannedForEncodings = 0;
			knownRegions = (
				en,
				Base,
			);
			mainGroup = 7A4BE3D8258B318E00289778;
			packageReferences = (
				7A4BE3FA258B321000289778 /* XCRemoteSwiftPackageReference "Toast-Swift" */,
			);
			productRefGroup = 7A4BE3E2258B318E00289778 /* Products */;
			projectDirPath = "";
			projectRoot = "";
			targets = (
				7A4BE3E0258B318E00289778 /* myCompanyScreen */,
			);
		};
/* End PBXProject section */

/* Begin PBXResourcesBuildPhase section */
		7A4BE3DF258B318E00289778 /* Resources */ = {
			isa = PBXResourcesBuildPhase;
			buildActionMask = 2147483647;
			files = (
				7A4BE3F1258B318E00289778 /* LaunchScreen.storyboard in Resources */,
				7A4BE3EE258B318E00289778 /* Assets.xcassets in Resources */,
				7A4BE3EC258B318E00289778 /* Main.storyboard in Resources */,
			);
			runOnlyForDeploymentPostprocessing = 0;
		};
/* End PBXResourcesBuildPhase section */

/* Begin PBXSourcesBuildPhase section */
		7A4BE3DD258B318E00289778 /* Sources */ = {
			isa = PBXSourcesBuildPhase;
			buildActionMask = 2147483647;
			files = (
				7A619D66258C7EBF00A44A54 /* CostProtocol.swift in Sources */,
				7A619D5D258C7E9F00A44A54 /* EmployeeP.swift in Sources */,
				7A4BE3E9258B318E00289778 /* ViewController.swift in Sources */,
				7A619D6D258C818400A44A54 /* SecondViewController.swift in Sources */,
				7A619D63258C7EB400A44A54 /* Director.swift in Sources */,
				7A4BE3E5258B318E00289778 /* AppDelegate.swift in Sources */,
				7A4BE3E7258B318E00289778 /* SceneDelegate.swift in Sources */,
				7A619D60258C7EAC00A44A54 /* Assistant.swift in Sources */,
				7A4BE408258BFEDE00289778 /* CompanyP.swift in Sources */,
				7AE27BC5258E65FF0093D3C0 /* CompanyBuilder.swift in Sources */,
			);
			runOnlyForDeploymentPostprocessing = 0;
		};
/* End PBXSourcesBuildPhase section */

/* Begin PBXVariantGroup section */
		7A4BE3EA258B318E00289778 /* Main.storyboard */ = {
			isa = PBXVariantGroup;
			children = (
				7A4BE3EB258B318E00289778 /* Base */,
			);
			name = Main.storyboard;
			sourceTree = "<group>";
		};
		7A4BE3EF258B318E00289778 /* LaunchScreen.storyboard */ = {
			isa = PBXVariantGroup;
			children = (
				7A4BE3F0258B318E00289778 /* Base */,
			);
			name = LaunchScreen.storyboard;
			sourceTree = "<group>";
		};
/* End PBXVariantGroup section */

/* Begin XCBuildConfiguration section */
		7A4BE3F3258B318E00289778 /* Debug */ = {
			isa = XCBuildConfiguration;
			buildSettings = {
				ALWAYS_SEARCH_USER_PATHS = NO;
				CLANG_ANALYZER_NONNULL = YES;
				CLANG_ANALYZER_NUMBER_OBJECT_CONVERSION = YES_AGGRESSIVE;
				CLANG_CXX_LANGUAGE_STANDARD = "gnu++14";
				CLANG_CXX_LIBRARY = "libc++";
				CLANG_ENABLE_MODULES = YES;
				CLANG_ENABLE_OBJC_ARC = YES;
				CLANG_ENABLE_OBJC_WEAK = YES;
				CLANG_WARN_BLOCK_CAPTURE_AUTORELEASING = YES;
				CLANG_WARN_BOOL_CONVERSION = YES;
				CLANG_WARN_COMMA = YES;
				CLANG_WARN_CONSTANT_CONVERSION = YES;
				CLANG_WARN_DEPRECATED_OBJC_IMPLEMENTATIONS = YES;
				CLANG_WARN_DIRECT_OBJC_ISA_USAGE = YES_ERROR;
				CLANG_WARN_DOCUMENTATION_COMMENTS = YES;
				CLANG_WARN_EMPTY_BODY = YES;
				CLANG_WARN_ENUM_CONVERSION = YES;
				CLANG_WARN_INFINITE_RECURSION = YES;
				CLANG_WARN_INT_CONVERSION = YES;
				CLANG_WARN_NON_LITERAL_NULL_CONVERSION = YES;
				CLANG_WARN_OBJC_IMPLICIT_RETAIN_SELF = YES;
				CLANG_WARN_OBJC_LITERAL_CONVERSION = YES;
				CLANG_WARN_OBJC_ROOT_CLASS = YES_ERROR;
				CLANG_WARN_QUOTED_INCLUDE_IN_FRAMEWORK_HEADER = YES;
				CLANG_WARN_RANGE_LOOP_ANALYSIS = YES;
				CLANG_WARN_STRICT_PROTOTYPES = YES;
				CLANG_WARN_SUSPICIOUS_MOVE = YES;
				CLANG_WARN_UNGUARDED_AVAILABILITY = YES_AGGRESSIVE;
				CLANG_WARN_UNREACHABLE_CODE = YES;
				CLANG_WARN__DUPLICATE_METHOD_MATCH = YES;
				COPY_PHASE_STRIP = NO;
				DEBUG_INFORMATION_FORMAT = dwarf;
				ENABLE_STRICT_OBJC_MSGSEND = YES;
				ENABLE_TESTABILITY = YES;
				GCC_C_LANGUAGE_STANDARD = gnu11;
				GCC_DYNAMIC_NO_PIC = NO;
				GCC_NO_COMMON_BLOCKS = YES;
				GCC_OPTIMIZATION_LEVEL = 0;
				GCC_PREPROCESSOR_DEFINITIONS = (
					"DEBUG=1",
					"$(inherited)",
				);
				GCC_WARN_64_TO_32_BIT_CONVERSION = YES;
				GCC_WARN_ABOUT_RETURN_TYPE = YES_ERROR;
				GCC_WARN_UNDECLARED_SELECTOR = YES;
				GCC_WARN_UNINITIALIZED_AUTOS = YES_AGGRESSIVE;
				GCC_WARN_UNUSED_FUNCTION = YES;
				GCC_WARN_UNUSED_VARIABLE = YES;
				IPHONEOS_DEPLOYMENT_TARGET = 14.2;
				MTL_ENABLE_DEBUG_INFO = INCLUDE_SOURCE;
				MTL_FAST_MATH = YES;
				ONLY_ACTIVE_ARCH = YES;
				SDKROOT = iphoneos;
				SWIFT_ACTIVE_COMPILATION_CONDITIONS = DEBUG;
				SWIFT_OPTIMIZATION_LEVEL = "-Onone";
			};
			name = Debug;
		};
		7A4BE3F4258B318E00289778 /* Release */ = {
			isa = XCBuildConfiguration;
			buildSettings = {
				ALWAYS_SEARCH_USER_PATHS = NO;
				CLANG_ANALYZER_NONNULL = YES;
				CLANG_ANALYZER_NUMBER_OBJECT_CONVERSION = YES_AGGRESSIVE;
				CLANG_CXX_LANGUAGE_STANDARD = "gnu++14";
				CLANG_CXX_LIBRARY = "libc++";
				CLANG_ENABLE_MODULES = YES;
				CLANG_ENABLE_OBJC_ARC = YES;
				CLANG_ENABLE_OBJC_WEAK = YES;
				CLANG_WARN_BLOCK_CAPTURE_AUTORELEASING = YES;
				CLANG_WARN_BOOL_CONVERSION = YES;
				CLANG_WARN_COMMA = YES;
				CLANG_WARN_CONSTANT_CONVERSION = YES;
				CLANG_WARN_DEPRECATED_OBJC_IMPLEMENTATIONS = YES;
				CLANG_WARN_DIRECT_OBJC_ISA_USAGE = YES_ERROR;
				CLANG_WARN_DOCUMENTATION_COMMENTS = YES;
				CLANG_WARN_EMPTY_BODY = YES;
				CLANG_WARN_ENUM_CONVERSION = YES;
				CLANG_WARN_INFINITE_RECURSION = YES;
				CLANG_WARN_INT_CONVERSION = YES;
				CLANG_WARN_NON_LITERAL_NULL_CONVERSION = YES;
				CLANG_WARN_OBJC_IMPLICIT_RETAIN_SELF = YES;
				CLANG_WARN_OBJC_LITERAL_CONVERSION = YES;
				CLANG_WARN_OBJC_ROOT_CLASS = YES_ERROR;
				CLANG_WARN_QUOTED_INCLUDE_IN_FRAMEWORK_HEADER = YES;
				CLANG_WARN_RANGE_LOOP_ANALYSIS = YES;
				CLANG_WARN_STRICT_PROTOTYPES = YES;
				CLANG_WARN_SUSPICIOUS_MOVE = YES;
				CLANG_WARN_UNGUARDED_AVAILABILITY = YES_AGGRESSIVE;
				CLANG_WARN_UNREACHABLE_CODE = YES;
				CLANG_WARN__DUPLICATE_METHOD_MATCH = YES;
				COPY_PHASE_STRIP = NO;
				DEBUG_INFORMATION_FORMAT = "dwarf-with-dsym";
				ENABLE_NS_ASSERTIONS = NO;
				ENABLE_STRICT_OBJC_MSGSEND = YES;
				GCC_C_LANGUAGE_STANDARD = gnu11;
				GCC_NO_COMMON_BLOCKS = YES;
				GCC_WARN_64_TO_32_BIT_CONVERSION = YES;
				GCC_WARN_ABOUT_RETURN_TYPE = YES_ERROR;
				GCC_WARN_UNDECLARED_SELECTOR = YES;
				GCC_WARN_UNINITIALIZED_AUTOS = YES_AGGRESSIVE;
				GCC_WARN_UNUSED_FUNCTION = YES;
				GCC_WARN_UNUSED_VARIABLE = YES;
				IPHONEOS_DEPLOYMENT_TARGET = 14.2;
				MTL_ENABLE_DEBUG_INFO = NO;
				MTL_FAST_MATH = YES;
				SDKROOT = iphoneos;
				SWIFT_COMPILATION_MODE = wholemodule;
				SWIFT_OPTIMIZATION_LEVEL = "-O";
				VALIDATE_PRODUCT = YES;
			};
			name = Release;
		};
		7A4BE3F6258B318E00289778 /* Debug */ = {
			isa = XCBuildConfiguration;
			buildSettings = {
				ASSETCATALOG_COMPILER_APPICON_NAME = AppIcon;
				ASSETCATALOG_COMPILER_GLOBAL_ACCENT_COLOR_NAME = AccentColor;
				CODE_SIGN_STYLE = Automatic;
				INFOPLIST_FILE = myCompanyScreen/Info.plist;
				LD_RUNPATH_SEARCH_PATHS = (
					"$(inherited)",
					"@executable_path/Frameworks",
				);
				PRODUCT_BUNDLE_IDENTIFIER = zt.myCompanyScreen;
				PRODUCT_NAME = "$(TARGET_NAME)";
				SWIFT_VERSION = 5.0;
				TARGETED_DEVICE_FAMILY = 1;
			};
			name = Debug;
		};
		7A4BE3F7258B318E00289778 /* Release */ = {
			isa = XCBuildConfiguration;
			buildSettings = {
				ASSETCATALOG_COMPILER_APPICON_NAME = AppIcon;
				ASSETCATALOG_COMPILER_GLOBAL_ACCENT_COLOR_NAME = AccentColor;
				CODE_SIGN_STYLE = Automatic;
				INFOPLIST_FILE = myCompanyScreen/Info.plist;
				LD_RUNPATH_SEARCH_PATHS = (
					"$(inherited)",
					"@executable_path/Frameworks",
				);
				PRODUCT_BUNDLE_IDENTIFIER = zt.myCompanyScreen;
				PRODUCT_NAME = "$(TARGET_NAME)";
				SWIFT_VERSION = 5.0;
				TARGETED_DEVICE_FAMILY = 1;
			};
			name = Release;
		};
/* End XCBuildConfiguration section */

/* Begin XCConfigurationList section */
		7A4BE3DC258B318E00289778 /* Build configuration list for PBXProject "myCompanyScreen" */ = {
			isa = XCConfigurationList;
			buildConfigurations = (
				7A4BE3F3258B318E00289778 /* Debug */,
				7A4BE3F4258B318E00289778 /* Release */,
			);
			defaultConfigurationIsVisible = 0;
			defaultConfigurationName = Release;
		};
		7A4BE3F5258B318E00289778 /* Build configuration list for PBXNativeTarget "myCompanyScreen" */ = {
			isa = XCConfigurationList;
			buildConfigurations = (
				7A4BE3F6258B318E00289778 /* Debug */,
				7A4BE3F7258B318E00289778 /* Release */,
			);
			defaultConfigurationIsVisible = 0;
			defaultConfigurationName = Release;
		};
/* End XCConfigurationList section */

/* Begin XCRemoteSwiftPackageReference section */
		7A4BE3FA258B321000289778 /* XCRemoteSwiftPackageReference "Toast-Swift" */ = {
			isa = XCRemoteSwiftPackageReference;
			repositoryURL = "https://github.com/scalessec/Toast-Swift";
			requirement = {
				kind = upToNextMajorVersion;
				minimumVersion = 5.0.1;
			};
		};
/* End XCRemoteSwiftPackageReference section */

/* Begin XCSwiftPackageProductDependency section */
		7A4BE3FB258B321000289778 /* Toast */ = {
			isa = XCSwiftPackageProductDependency;
			package = 7A4BE3FA258B321000289778 /* XCRemoteSwiftPackageReference "Toast-Swift" */;
			productName = Toast;
		};
/* End XCSwiftPackageProductDependency section */
	};
	rootObject = 7A4BE3D9258B318E00289778 /* Project object */;
}
